
Microsoft Visual Studio Solution File, Format Version 12.00
# Visual Studio Version 17
VisualStudioVersion = 17.9.34728.123
MinimumVisualStudioVersion = 10.0.40219.1
Project("{FAE04EC0-301F-11D3-BF4B-00C04F79EFBC}") = "PhoneValidation", "PhoneValidation.csproj", "{A68218CE-0942-48BB-8EEA-666A1FDB52D5}"
EndProject
Global
	GlobalSection(SolutionConfigurationPlatforms) = preSolution
		Debug|Any CPU = Debug|Any CPU
		Release|Any CPU = Release|Any CPU
	EndGlobalSection
	GlobalSection(ProjectConfigurationPlatforms) = postSolution
		{A68218CE-0942-48BB-8EEA-666A1FDB52D5}.Debug|Any CPU.ActiveCfg = Debug|Any CPU
		{A68218CE-0942-48BB-8EEA-666A1FDB52D5}.Debug|Any CPU.Build.0 = Debug|Any CPU
		{A68218CE-0942-48BB-8EEA-666A1FDB52D5}.Release|Any CPU.ActiveCfg = Release|Any CPU
		{A68218CE-0942-48BB-8EEA-666A1FDB52D5}.Release|Any CPU.Build.0 = Release|Any CPU
	EndGlobalSection
	GlobalSection(SolutionProperties) = preSolution
		HideSolutionNode = FALSE
	EndGlobalSection
	GlobalSection(ExtensibilityGlobals) = postSolution
		SolutionGuid = {F5DB9618-5712-4229-9C60-6FBBA42BF2A6}
	EndGlobalSection
EndGlobal
